
Microsoft Visual Studio Solution File, Format Version 11.00
# Visual Studio 2010
Project("{54435603-DBB4-11D2-8724-00A0C9A8B90C}") = "Hokkey Setup", "Hokkey Setup\Hokkey Setup.vdproj", "{6B7508F2-4760-4541-89D8-32D6DA227938}"
EndProject
Global
	GlobalSection(SolutionConfigurationPlatforms) = preSolution
		Debug|Default = Debug|Default
		Release|Default = Release|Default
	EndGlobalSection
	GlobalSection(ProjectConfigurationPlatforms) = postSolution
		{6B7508F2-4760-4541-89D8-32D6DA227938}.Debug|Default.ActiveCfg = Debug
		{6B7508F2-4760-4541-89D8-32D6DA227938}.Debug|Default.Build.0 = Debug
		{6B7508F2-4760-4541-89D8-32D6DA227938}.Release|Default.ActiveCfg = Release
		{6B7508F2-4760-4541-89D8-32D6DA227938}.Release|Default.Build.0 = Release
	EndGlobalSection
	GlobalSection(SolutionProperties) = preSolution
		HideSolutionNode = FALSE
	EndGlobalSection
EndGlobal
